{
  "name": "simple-mocxy",
  "version": "1.0.0",
  "lockfileVersion": 1,
  "dependencies": {
    "eslint-config-standard": {
      "version": "10.2.1",
      "resolved": "https://registry.npmjs.org/eslint-config-standard/-/eslint-config-standard-10.2.1.tgz",
      "integrity": "sha1-wGHk0GbzedwXzVYsZOgZtN1FRZE=",
      "dev": true
    }
  }
}
